
Microsoft Visual Studio Solution File, Format Version 12.00
# Visual Studio Version 17
VisualStudioVersion = 17.0.31919.166
MinimumVisualStudioVersion = 10.0.40219.1
Project("{FAE04EC0-301F-11D3-BF4B-00C04F79EFBC}") = "Pana", "Pana\Pana.csproj", "{BCB421D7-3584-4B2E-AE97-5AA7F43EF59D}"
EndProject
Global
	GlobalSection(SolutionConfigurationPlatforms) = preSolution
		Debug|Any CPU = Debug|Any CPU
		Release|Any CPU = Release|Any CPU
	EndGlobalSection
	GlobalSection(ProjectConfigurationPlatforms) = postSolution
		{BCB421D7-3584-4B2E-AE97-5AA7F43EF59D}.Debug|Any CPU.ActiveCfg = Debug|Any CPU
		{BCB421D7-3584-4B2E-AE97-5AA7F43EF59D}.Debug|Any CPU.Build.0 = Debug|Any CPU
		{BCB421D7-3584-4B2E-AE97-5AA7F43EF59D}.Release|Any CPU.ActiveCfg = Release|Any CPU
		{BCB421D7-3584-4B2E-AE97-5AA7F43EF59D}.Release|Any CPU.Build.0 = Release|Any CPU
	EndGlobalSection
	GlobalSection(SolutionProperties) = preSolution
		HideSolutionNode = FALSE
	EndGlobalSection
	GlobalSection(ExtensibilityGlobals) = postSolution
		SolutionGuid = {8C748C9D-E612-4FA7-8E43-EB4767FDD2D0}
	EndGlobalSection
EndGlobal
